Microsoft Visual Studio Solution File, Format Version 7.00
Project("{FAE04EC0-301F-11D3-BF4B-00C04F79EFBC}") = "NAntAddin", "NAntAddin.csproj", "{64B219F9-E3C1-4E9E-ADEF-65E23D289343}"
EndProject
Project("{54435603-DBB4-11D2-8724-00A0C9A8B90C}") = "NAntAddinSetup", "NAntAddinSetup\NAntAddinSetup.vdproj", "{6A05B443-A0A3-4165-98F9-82F51931D854}"
EndProject
Project("{D4EFD700-BBAA-11D2-8EE0-00C04F5E0C38}") = "NAntAddinDocs", "NAntAddinDocs\NAntAddinDocs.HWProj", "{4B22B602-C9B5-4697-B867-24E8207563C5}"
EndProject
Project("{8BC9CEB8-8B4A-11D0-8D11-00A0C91BC942}") = "NAntAddinResources", "NAntAddinResources\NAntAddinResources.vcproj", "{2C89FF21-1BA7-4C9F-874D-64992FA1C542}"
EndProject
Project("{FAE04EC0-301F-11D3-BF4B-00C04F79EFBC}") = "SampleTaskNode", "SampleTaskNode\SampleTaskNode.csproj", "{F74DACFE-60AC-4A51-B2B5-FC1467EA491C}"
EndProject
Global
	GlobalSection(SolutionConfiguration) = preSolution
		ConfigName.0 = Debug
		ConfigName.1 = Release
	EndGlobalSection
	GlobalSection(ProjectDependencies) = postSolution
		{64B219F9-E3C1-4E9E-ADEF-65E23D289343}.0 = {2C89FF21-1BA7-4C9F-874D-64992FA1C542}
		{6A05B443-A0A3-4165-98F9-82F51931D854}.0 = {64B219F9-E3C1-4E9E-ADEF-65E23D289343}
		{6A05B443-A0A3-4165-98F9-82F51931D854}.1 = {2C89FF21-1BA7-4C9F-874D-64992FA1C542}
		{6A05B443-A0A3-4165-98F9-82F51931D854}.2 = {4B22B602-C9B5-4697-B867-24E8207563C5}
		{6A05B443-A0A3-4165-98F9-82F51931D854}.3 = {64B219F9-E3C1-4E9E-ADEF-65E23D289343}
		{6A05B443-A0A3-4165-98F9-82F51931D854}.4 = {64B219F9-E3C1-4E9E-ADEF-65E23D289343}
		{6A05B443-A0A3-4165-98F9-82F51931D854}.5 = {4B22B602-C9B5-4697-B867-24E8207563C5}
		{6A05B443-A0A3-4165-98F9-82F51931D854}.6 = {2C89FF21-1BA7-4C9F-874D-64992FA1C542}
		{6A05B443-A0A3-4165-98F9-82F51931D854}.7 = {64B219F9-E3C1-4E9E-ADEF-65E23D289343}
		{F74DACFE-60AC-4A51-B2B5-FC1467EA491C}.0 = {64B219F9-E3C1-4E9E-ADEF-65E23D289343}
	EndGlobalSection
	GlobalSection(ProjectConfiguration) = postSolution
		{64B219F9-E3C1-4E9E-ADEF-65E23D289343}.Debug.ActiveCfg = Debug|.NET
		{64B219F9-E3C1-4E9E-ADEF-65E23D289343}.Debug.Build.0 = Debug|.NET
		{64B219F9-E3C1-4E9E-ADEF-65E23D289343}.Release.ActiveCfg = Release|.NET
		{64B219F9-E3C1-4E9E-ADEF-65E23D289343}.Release.Build.0 = Release|.NET
		{6A05B443-A0A3-4165-98F9-82F51931D854}.Debug.ActiveCfg = Debug
		{6A05B443-A0A3-4165-98F9-82F51931D854}.Release.ActiveCfg = Release
		{4B22B602-C9B5-4697-B867-24E8207563C5}.Debug.ActiveCfg = Release
		{4B22B602-C9B5-4697-B867-24E8207563C5}.Debug.Build.0 = Release
		{4B22B602-C9B5-4697-B867-24E8207563C5}.Release.ActiveCfg = Release
		{4B22B602-C9B5-4697-B867-24E8207563C5}.Release.Build.0 = Release
		{2C89FF21-1BA7-4C9F-874D-64992FA1C542}.Debug.ActiveCfg = Debug|Win32
		{2C89FF21-1BA7-4C9F-874D-64992FA1C542}.Debug.Build.0 = Debug|Win32
		{2C89FF21-1BA7-4C9F-874D-64992FA1C542}.Release.ActiveCfg = Release|Win32
		{2C89FF21-1BA7-4C9F-874D-64992FA1C542}.Release.Build.0 = Release|Win32
		{F74DACFE-60AC-4A51-B2B5-FC1467EA491C}.Debug.ActiveCfg = Debug|.NET
		{F74DACFE-60AC-4A51-B2B5-FC1467EA491C}.Debug.Build.0 = Debug|.NET
		{F74DACFE-60AC-4A51-B2B5-FC1467EA491C}.Release.ActiveCfg = Release|.NET
		{F74DACFE-60AC-4A51-B2B5-FC1467EA491C}.Release.Build.0 = Release|.NET
	EndGlobalSection
	GlobalSection(ExtensibilityGlobals) = postSolution
	EndGlobalSection
	GlobalSection(ExtensibilityAddIns) = postSolution
	EndGlobalSection
EndGlobal
